
Microsoft Visual Studio Solution File, Format Version 12.00
# Visual Studio 15
VisualStudioVersion = 15.0.28307.168
MinimumVisualStudioVersion = 10.0.40219.1
Project("{FAE04EC0-301F-11D3-BF4B-00C04F79EFBC}") = "Collatz Conjecture Algorithm", "Collatz Conjecture Algorithm\Collatz Conjecture Algorithm.csproj", "{73035948-61B0-4520-BB90-054C7E8A9F98}"
EndProject
Global
	GlobalSection(SolutionConfigurationPlatforms) = preSolution
		Debug|Any CPU = Debug|Any CPU
		Release|Any CPU = Release|Any CPU
	EndGlobalSection
	GlobalSection(ProjectConfigurationPlatforms) = postSolution
		{73035948-61B0-4520-BB90-054C7E8A9F98}.Debug|Any CPU.ActiveCfg = Debug|Any CPU
		{73035948-61B0-4520-BB90-054C7E8A9F98}.Debug|Any CPU.Build.0 = Debug|Any CPU
		{73035948-61B0-4520-BB90-054C7E8A9F98}.Release|Any CPU.ActiveCfg = Release|Any CPU
		{73035948-61B0-4520-BB90-054C7E8A9F98}.Release|Any CPU.Build.0 = Release|Any CPU
	EndGlobalSection
	GlobalSection(SolutionProperties) = preSolution
		HideSolutionNode = FALSE
	EndGlobalSection
	GlobalSection(ExtensibilityGlobals) = postSolution
		SolutionGuid = {092FB9B3-B756-42AA-AA01-445449C191F0}
	EndGlobalSection
EndGlobal
